// !$*UTF8*$!
{
	archiveVersion = 1;
	classes = {
	};
	objectVersion = 45;
	objects = {

/* Begin PBXBuildFile section */
		1D3623260D0F684500981E51 /* IVBrickerAppDelegate.m in Sources */ = {isa = PBXBuildFile; fileRef = 1D3623250D0F684500981E51 /* IVBrickerAppDelegate.m */; };
		1D60589B0D05DD56006BFB54 /* main.m in Sources */ = {isa = PBXBuildFile; fileRef = 29B97316FDCFA39411CA2CEA /* main.m */; };
		1D60589F0D05DD5A006BFB54 /* Foundation.framework in Frameworks */ = {isa = PBXBuildFile; fileRef = 1D30AB110D05D00D00671497 /* Foundation.framework */; };
		1DF5F4E00D08C38300B7A737 /* UIKit.framework in Frameworks */ = {isa = PBXBuildFile; fileRef = 1DF5F4DF0D08C38300B7A737 /* UIKit.framework */; };
		288765A50DF7441C002DB57D /* CoreGraphics.framework in Frameworks */ = {isa = PBXBuildFile; fileRef = 288765A40DF7441C002DB57D /* CoreGraphics.framework */; };
		2899E5220DE3E06400AC0155 /* IVBrickerViewController.xib in Resources */ = {isa = PBXBuildFile; fileRef = 2899E5210DE3E06400AC0155 /* IVBrickerViewController.xib */; };
		28AD733F0D9D9553002E5188 /* MainWindow.xib in Resources */ = {isa = PBXBuildFile; fileRef = 28AD733E0D9D9553002E5188 /* MainWindow.xib */; };
		6B026A3E12FABBEB00A4DCBA /* GEImage.m in Sources */ = {isa = PBXBuildFile; fileRef = 6B026A3D12FABBEB00A4DCBA /* GEImage.m */; };
		6B4810AA130EEA420088C1EE /* ViewDesigner.m in Sources */ = {isa = PBXBuildFile; fileRef = 6B4810A9130EEA420088C1EE /* ViewDesigner.m */; };
		6B58ADFD130D7ACE00A9734D /* IVBrickerViewController.m in Sources */ = {isa = PBXBuildFile; fileRef = 6B58ADFC130D7ACE00A9734D /* IVBrickerViewController.m */; };
		6B62FC9B1301672500BBDEEB /* HorizontalBorder.m in Sources */ = {isa = PBXBuildFile; fileRef = 6B62FC9A1301672500BBDEEB /* HorizontalBorder.m */; };
		6B9F9CFA12F710900036DBE9 /* VerticalBorder.m in Sources */ = {isa = PBXBuildFile; fileRef = 6B9F9CF912F710900036DBE9 /* VerticalBorder.m */; };
		6B9F9DC012F7ECB30036DBE9 /* Ball.m in Sources */ = {isa = PBXBuildFile; fileRef = 6B9F9DBF12F7ECB30036DBE9 /* Ball.m */; };
		6B9F9DCC12F7EFBD0036DBE9 /* Game.m in Sources */ = {isa = PBXBuildFile; fileRef = 6B9F9DC912F7EFBD0036DBE9 /* Game.m */; };
		6B9F9DCD12F7EFBD0036DBE9 /* GameElement.m in Sources */ = {isa = PBXBuildFile; fileRef = 6B9F9DCB12F7EFBD0036DBE9 /* GameElement.m */; };
		6BB61C1812F5B1D50007F411 /* ball.png in Resources */ = {isa = PBXBuildFile; fileRef = 6BB61C1712F5B1D40007F411 /* ball.png */; };
		6BB61CC712F5BA460007F411 /* paddle.png in Resources */ = {isa = PBXBuildFile; fileRef = 6BB61CC612F5BA460007F411 /* paddle.png */; };
		6BBF2AFA1926E40D00C7CD45 /* XCTest.framework in Frameworks */ = {isa = PBXBuildFile; fileRef = 6BBF2AF91926E40D00C7CD45 /* XCTest.framework */; };
		6BBF2AFB1926E40D00C7CD45 /* Foundation.framework in Frameworks */ = {isa = PBXBuildFile; fileRef = 1D30AB110D05D00D00671497 /* Foundation.framework */; };
		6BBF2AFC1926E40D00C7CD45 /* UIKit.framework in Frameworks */ = {isa = PBXBuildFile; fileRef = 1DF5F4DF0D08C38300B7A737 /* UIKit.framework */; };
		6BBF2B021926E40E00C7CD45 /* InfoPlist.strings in Resources */ = {isa = PBXBuildFile; fileRef = 6BBF2B001926E40D00C7CD45 /* InfoPlist.strings */; };
		6BBF2B041926E40E00C7CD45 /* IVBricker_Tests.m in Sources */ = {isa = PBXBuildFile; fileRef = 6BBF2B031926E40E00C7CD45 /* IVBricker_Tests.m */; };
/* End PBXBuildFile section */

/* Begin PBXContainerItemProxy section */
		6BBF2B061926E40E00C7CD45 /* PBXContainerItemProxy */ = {
			isa = PBXContainerItemProxy;
			containerPortal = 29B97313FDCFA39411CA2CEA /* Project object */;
			proxyType = 1;
			remoteGlobalIDString = 1D6058900D05DD3D006BFB54;
			remoteInfo = IVBricker;
		};
/* End PBXContainerItemProxy section */

/* Begin PBXFileReference section */
		1D30AB110D05D00D00671497 /* Foundation.framework */ = {isa = PBXFileReference; lastKnownFileType = wrapper.framework; name = Foundation.framework; path = System/Library/Frameworks/Foundation.framework; sourceTree = SDKROOT; };
		1D3623240D0F684500981E51 /* IVBrickerAppDelegate.h */ = {isa = PBXFileReference; fileEncoding = 4; lastKnownFileType = sourcecode.c.h; path = IVBrickerAppDelegate.h; sourceTree = "<group>"; };
		1D3623250D0F684500981E51 /* IVBrickerAppDelegate.m */ = {isa = PBXFileReference; fileEncoding = 4; lastKnownFileType = sourcecode.c.objc; path = IVBrickerAppDelegate.m; sourceTree = "<group>"; };
		1D6058910D05DD3D006BFB54 /* IVBricker.app */ = {isa = PBXFileReference; explicitFileType = wrapper.application; includeInIndex = 0; path = IVBricker.app; sourceTree = BUILT_PRODUCTS_DIR; };
		1DF5F4DF0D08C38300B7A737 /* UIKit.framework */ = {isa = PBXFileReference; lastKnownFileType = wrapper.framework; name = UIKit.framework; path = System/Library/Frameworks/UIKit.framework; sourceTree = SDKROOT; };
		288765A40DF7441C002DB57D /* CoreGraphics.framework */ = {isa = PBXFileReference; lastKnownFileType = wrapper.framework; name = CoreGraphics.framework; path = System/Library/Frameworks/CoreGraphics.framework; sourceTree = SDKROOT; };
		2899E5210DE3E06400AC0155 /* IVBrickerViewController.xib */ = {isa = PBXFileReference; lastKnownFileType = file.xib; path = IVBrickerViewController.xib; sourceTree = "<group>"; };
		28AD733E0D9D9553002E5188 /* MainWindow.xib */ = {isa = PBXFileReference; lastKnownFileType = file.xib; path = MainWindow.xib; sourceTree = "<group>"; };
		28D7ACF60DDB3853001CB0EB /* IVBrickerViewController.h */ = {isa = PBXFileReference; fileEncoding = 4; lastKnownFileType = sourcecode.c.h; path = IVBrickerViewController.h; sourceTree = "<group>"; };
		29B97316FDCFA39411CA2CEA /* main.m */ = {isa = PBXFileReference; fileEncoding = 4; lastKnownFileType = sourcecode.c.objc; path = main.m; sourceTree = "<group>"; };
		32CA4F630368D1EE00C91783 /* IVBricker_Prefix.pch */ = {isa = PBXFileReference; fileEncoding = 4; lastKnownFileType = sourcecode.c.h; path = IVBricker_Prefix.pch; sourceTree = "<group>"; };
		6B026A3C12FABBEB00A4DCBA /* GEImage.h */ = {isa = PBXFileReference; fileEncoding = 4; lastKnownFileType = sourcecode.c.h; path = GEImage.h; sourceTree = "<group>"; };
		6B026A3D12FABBEB00A4DCBA /* GEImage.m */ = {isa = PBXFileReference; fileEncoding = 4; lastKnownFileType = sourcecode.c.objc; path = GEImage.m; sourceTree = "<group>"; };
		6B4810A8130EEA420088C1EE /* ViewDesigner.h */ = {isa = PBXFileReference; fileEncoding = 4; lastKnownFileType = sourcecode.c.h; path = ViewDesigner.h; sourceTree = "<group>"; };
		6B4810A9130EEA420088C1EE /* ViewDesigner.m */ = {isa = PBXFileReference; fileEncoding = 4; lastKnownFileType = sourcecode.c.objc; path = ViewDesigner.m; sourceTree = "<group>"; };
		6B58ADFC130D7ACE00A9734D /* IVBrickerViewController.m */ = {isa = PBXFileReference; fileEncoding = 4; lastKnownFileType = sourcecode.c.objc; path = IVBrickerViewController.m; sourceTree = "<group>"; };
		6B62FC991301672500BBDEEB /* HorizontalBorder.h */ = {isa = PBXFileReference; fileEncoding = 4; lastKnownFileType = sourcecode.c.h; path = HorizontalBorder.h; sourceTree = "<group>"; };
		6B62FC9A1301672500BBDEEB /* HorizontalBorder.m */ = {isa = PBXFileReference; fileEncoding = 4; lastKnownFileType = sourcecode.c.objc; path = HorizontalBorder.m; sourceTree = "<group>"; };
		6B9F9CF812F710900036DBE9 /* VerticalBorder.h */ = {isa = PBXFileReference; fileEncoding = 4; lastKnownFileType = sourcecode.c.h; path = VerticalBorder.h; sourceTree = "<group>"; };
		6B9F9CF912F710900036DBE9 /* VerticalBorder.m */ = {isa = PBXFileReference; fileEncoding = 4; lastKnownFileType = sourcecode.c.objc; path = VerticalBorder.m; sourceTree = "<group>"; };
		6B9F9DBE12F7ECB30036DBE9 /* Ball.h */ = {isa = PBXFileReference; fileEncoding = 4; lastKnownFileType = sourcecode.c.h; path = Ball.h; sourceTree = "<group>"; };
		6B9F9DBF12F7ECB30036DBE9 /* Ball.m */ = {isa = PBXFileReference; fileEncoding = 4; lastKnownFileType = sourcecode.c.objc; path = Ball.m; sourceTree = "<group>"; };
		6B9F9DC812F7EFBD0036DBE9 /* Game.h */ = {isa = PBXFileReference; fileEncoding = 4; lastKnownFileType = sourcecode.c.h; path = Game.h; sourceTree = "<group>"; };
		6B9F9DC912F7EFBD0036DBE9 /* Game.m */ = {isa = PBXFileReference; fileEncoding = 4; lastKnownFileType = sourcecode.c.objc; path = Game.m; sourceTree = "<group>"; };
		6B9F9DCA12F7EFBD0036DBE9 /* GameElement.h */ = {isa = PBXFileReference; fileEncoding = 4; lastKnownFileType = sourcecode.c.h; path = GameElement.h; sourceTree = "<group>"; };
		6B9F9DCB12F7EFBD0036DBE9 /* GameElement.m */ = {isa = PBXFileReference; fileEncoding = 4; lastKnownFileType = sourcecode.c.objc; path = GameElement.m; sourceTree = "<group>"; };
		6BB61C1712F5B1D40007F411 /* ball.png */ = {isa = PBXFileReference; lastKnownFileType = image.png; path = ball.png; sourceTree = "<group>"; };
		6BB61CC612F5BA460007F411 /* paddle.png */ = {isa = PBXFileReference; lastKnownFileType = image.png; path = paddle.png; sourceTree = "<group>"; };
		6BBF2AF81926E40D00C7CD45 /* IVBricker Tests.xctest */ = {isa = PBXFileReference; explicitFileType = wrapper.cfbundle; includeInIndex = 0; path = "IVBricker Tests.xctest"; sourceTree = BUILT_PRODUCTS_DIR; };
		6BBF2AF91926E40D00C7CD45 /* XCTest.framework */ = {isa = PBXFileReference; lastKnownFileType = wrapper.framework; name = XCTest.framework; path = Library/Frameworks/XCTest.framework; sourceTree = DEVELOPER_DIR; };
		6BBF2AFF1926E40D00C7CD45 /* IVBricker Tests-Info.plist */ = {isa = PBXFileReference; lastKnownFileType = text.plist.xml; path = "IVBricker Tests-Info.plist"; sourceTree = "<group>"; };
		6BBF2B011926E40D00C7CD45 /* en */ = {isa = PBXFileReference; lastKnownFileType = text.plist.strings; name = en; path = en.lproj/InfoPlist.strings; sourceTree = "<group>"; };
		6BBF2B031926E40E00C7CD45 /* IVBricker_Tests.m */ = {isa = PBXFileReference; lastKnownFileType = sourcecode.c.objc; path = IVBricker_Tests.m; sourceTree = "<group>"; };
		6BBF2B051926E40E00C7CD45 /* IVBricker Tests-Prefix.pch */ = {isa = PBXFileReference; lastKnownFileType = sourcecode.c.h; path = "IVBricker Tests-Prefix.pch"; sourceTree = "<group>"; };
		8D1107310486CEB800E47090 /* IVBricker-Info.plist */ = {isa = PBXFileReference; fileEncoding = 4; lastKnownFileType = text.plist.xml; path = "IVBricker-Info.plist"; plistStructureDefinitionIdentifier = "com.apple.xcode.plist.structure-definition.iphone.info-plist"; sourceTree = "<group>"; };
/* End PBXFileReference section */

/* Begin PBXFrameworksBuildPhase section */
		1D60588F0D05DD3D006BFB54 /* Frameworks */ = {
			isa = PBXFrameworksBuildPhase;
			buildActionMask = 2147483647;
			files = (
				1D60589F0D05DD5A006BFB54 /* Foundation.framework in Frameworks */,
				1DF5F4E00D08C38300B7A737 /* UIKit.framework in Frameworks */,
				288765A50DF7441C002DB57D /* CoreGraphics.framework in Frameworks */,
			);
			runOnlyForDeploymentPostprocessing = 0;
		};
		6BBF2AF51926E40D00C7CD45 /* Frameworks */ = {
			isa = PBXFrameworksBuildPhase;
			buildActionMask = 2147483647;
			files = (
				6BBF2AFA1926E40D00C7CD45 /* XCTest.framework in Frameworks */,
				6BBF2AFC1926E40D00C7CD45 /* UIKit.framework in Frameworks */,
				6BBF2AFB1926E40D00C7CD45 /* Foundation.framework in Frameworks */,
			);
			runOnlyForDeploymentPostprocessing = 0;
		};
/* End PBXFrameworksBuildPhase section */

/* Begin PBXGroup section */
		080E96DDFE201D6D7F000001 /* Classes */ = {
			isa = PBXGroup;
			children = (
				6B026A3C12FABBEB00A4DCBA /* GEImage.h */,
				6B026A3D12FABBEB00A4DCBA /* GEImage.m */,
				6B9F9DC812F7EFBD0036DBE9 /* Game.h */,
				6B9F9DC912F7EFBD0036DBE9 /* Game.m */,
				6B9F9DCA12F7EFBD0036DBE9 /* GameElement.h */,
				6B9F9DCB12F7EFBD0036DBE9 /* GameElement.m */,
				6B9F9DBE12F7ECB30036DBE9 /* Ball.h */,
				6B9F9DBF12F7ECB30036DBE9 /* Ball.m */,
				1D3623240D0F684500981E51 /* IVBrickerAppDelegate.h */,
				1D3623250D0F684500981E51 /* IVBrickerAppDelegate.m */,
				28D7ACF60DDB3853001CB0EB /* IVBrickerViewController.h */,
				6B58ADFC130D7ACE00A9734D /* IVBrickerViewController.m */,
				6B62FC991301672500BBDEEB /* HorizontalBorder.h */,
				6B62FC9A1301672500BBDEEB /* HorizontalBorder.m */,
				6B9F9CF812F710900036DBE9 /* VerticalBorder.h */,
				6B9F9CF912F710900036DBE9 /* VerticalBorder.m */,
				6B4810A8130EEA420088C1EE /* ViewDesigner.h */,
				6B4810A9130EEA420088C1EE /* ViewDesigner.m */,
			);
			path = Classes;
			sourceTree = "<group>";
		};
		19C28FACFE9D520D11CA2CBB /* Products */ = {
			isa = PBXGroup;
			children = (
				1D6058910D05DD3D006BFB54 /* IVBricker.app */,
				6BBF2AF81926E40D00C7CD45 /* IVBricker Tests.xctest */,
			);
			name = Products;
			sourceTree = "<group>";
		};
		29B97314FDCFA39411CA2CEA /* CustomTemplate */ = {
			isa = PBXGroup;
			children = (
				080E96DDFE201D6D7F000001 /* Classes */,
				29B97315FDCFA39411CA2CEA /* Other Sources */,
				29B97317FDCFA39411CA2CEA /* Resources */,
				6BBF2AFD1926E40D00C7CD45 /* IVBricker Tests */,
				29B97323FDCFA39411CA2CEA /* Frameworks */,
				19C28FACFE9D520D11CA2CBB /* Products */,
			);
			name = CustomTemplate;
			sourceTree = "<group>";
		};
		29B97315FDCFA39411CA2CEA /* Other Sources */ = {
			isa = PBXGroup;
			children = (
				32CA4F630368D1EE00C91783 /* IVBricker_Prefix.pch */,
				29B97316FDCFA39411CA2CEA /* main.m */,
			);
			name = "Other Sources";
			sourceTree = "<group>";
		};
		29B97317FDCFA39411CA2CEA /* Resources */ = {
			isa = PBXGroup;
			children = (
				6BB61CC612F5BA460007F411 /* paddle.png */,
				6BB61C1712F5B1D40007F411 /* ball.png */,
				2899E5210DE3E06400AC0155 /* IVBrickerViewController.xib */,
				28AD733E0D9D9553002E5188 /* MainWindow.xib */,
				8D1107310486CEB800E47090 /* IVBricker-Info.plist */,
			);
			name = Resources;
			sourceTree = "<group>";
		};
		29B97323FDCFA39411CA2CEA /* Frameworks */ = {
			isa = PBXGroup;
			children = (
				1DF5F4DF0D08C38300B7A737 /* UIKit.framework */,
				1D30AB110D05D00D00671497 /* Foundation.framework */,
				288765A40DF7441C002DB57D /* CoreGraphics.framework */,
				6BBF2AF91926E40D00C7CD45 /* XCTest.framework */,
			);
			name = Frameworks;
			sourceTree = "<group>";
		};
		6BBF2AFD1926E40D00C7CD45 /* IVBricker Tests */ = {
			isa = PBXGroup;
			children = (
				6BBF2B031926E40E00C7CD45 /* IVBricker_Tests.m */,
				6BBF2AFE1926E40D00C7CD45 /* Supporting Files */,
			);
			path = "IVBricker Tests";
			sourceTree = "<group>";
		};
		6BBF2AFE1926E40D00C7CD45 /* Supporting Files */ = {
			isa = PBXGroup;
			children = (
				6BBF2AFF1926E40D00C7CD45 /* IVBricker Tests-Info.plist */,
				6BBF2B001926E40D00C7CD45 /* InfoPlist.strings */,
				6BBF2B051926E40E00C7CD45 /* IVBricker Tests-Prefix.pch */,
			);
			name = "Supporting Files";
			sourceTree = "<group>";
		};
/* End PBXGroup section */

/* Begin PBXNativeTarget section */
		1D6058900D05DD3D006BFB54 /* IVBricker */ = {
			isa = PBXNativeTarget;
			buildConfigurationList = 1D6058960D05DD3E006BFB54 /* Build configuration list for PBXNativeTarget "IVBricker" */;
			buildPhases = (
				1D60588D0D05DD3D006BFB54 /* Resources */,
				1D60588E0D05DD3D006BFB54 /* Sources */,
				1D60588F0D05DD3D006BFB54 /* Frameworks */,
			);
			buildRules = (
			);
			dependencies = (
			);
			name = IVBricker;
			productName = IVBricker;
			productReference = 1D6058910D05DD3D006BFB54 /* IVBricker.app */;
			productType = "com.apple.product-type.application";
		};
		6BBF2AF71926E40D00C7CD45 /* IVBricker Tests */ = {
			isa = PBXNativeTarget;
			buildConfigurationList = 6BBF2B0B1926E40E00C7CD45 /* Build configuration list for PBXNativeTarget "IVBricker Tests" */;
			buildPhases = (
				6BBF2AF41926E40D00C7CD45 /* Sources */,
				6BBF2AF51926E40D00C7CD45 /* Frameworks */,
				6BBF2AF61926E40D00C7CD45 /* Resources */,
			);
			buildRules = (
			);
			dependencies = (
				6BBF2B071926E40E00C7CD45 /* PBXTargetDependency */,
			);
			name = "IVBricker Tests";
			productName = "IVBricker Tests";
			productReference = 6BBF2AF81926E40D00C7CD45 /* IVBricker Tests.xctest */;
			productType = "com.apple.product-type.bundle.unit-test";
		};
/* End PBXNativeTarget section */

/* Begin PBXProject section */
		29B97313FDCFA39411CA2CEA /* Project object */ = {
			isa = PBXProject;
			attributes = {
				TargetAttributes = {
					6BBF2AF71926E40D00C7CD45 = {
						TestTargetID = 1D6058900D05DD3D006BFB54;
					};
				};
			};
			buildConfigurationList = C01FCF4E08A954540054247B /* Build configuration list for PBXProject "IVBricker" */;
			compatibilityVersion = "Xcode 3.1";
			developmentRegion = English;
			hasScannedForEncodings = 1;
			knownRegions = (
				English,
				Japanese,
				French,
				German,
				en,
			);
			mainGroup = 29B97314FDCFA39411CA2CEA /* CustomTemplate */;
			projectDirPath = "";
			projectRoot = "";
			targets = (
				1D6058900D05DD3D006BFB54 /* IVBricker */,
				6BBF2AF71926E40D00C7CD45 /* IVBricker Tests */,
			);
		};
/* End PBXProject section */

/* Begin PBXResourcesBuildPhase section */
		1D60588D0D05DD3D006BFB54 /* Resources */ = {
			isa = PBXResourcesBuildPhase;
			buildActionMask = 2147483647;
			files = (
				28AD733F0D9D9553002E5188 /* MainWindow.xib in Resources */,
				2899E5220DE3E06400AC0155 /* IVBrickerViewController.xib in Resources */,
				6BB61C1812F5B1D50007F411 /* ball.png in Resources */,
				6BB61CC712F5BA460007F411 /* paddle.png in Resources */,
			);
			runOnlyForDeploymentPostprocessing = 0;
		};
		6BBF2AF61926E40D00C7CD45 /* Resources */ = {
			isa = PBXResourcesBuildPhase;
			buildActionMask = 2147483647;
			files = (
				6BBF2B021926E40E00C7CD45 /* InfoPlist.strings in Resources */,
			);
			runOnlyForDeploymentPostprocessing = 0;
		};
/* End PBXResourcesBuildPhase section */

/* Begin PBXSourcesBuildPhase section */
		1D60588E0D05DD3D006BFB54 /* Sources */ = {
			isa = PBXSourcesBuildPhase;
			buildActionMask = 2147483647;
			files = (
				1D60589B0D05DD56006BFB54 /* main.m in Sources */,
				1D3623260D0F684500981E51 /* IVBrickerAppDelegate.m in Sources */,
				6B9F9CFA12F710900036DBE9 /* VerticalBorder.m in Sources */,
				6B9F9DC012F7ECB30036DBE9 /* Ball.m in Sources */,
				6B9F9DCC12F7EFBD0036DBE9 /* Game.m in Sources */,
				6B9F9DCD12F7EFBD0036DBE9 /* GameElement.m in Sources */,
				6B026A3E12FABBEB00A4DCBA /* GEImage.m in Sources */,
				6B62FC9B1301672500BBDEEB /* HorizontalBorder.m in Sources */,
				6B58ADFD130D7ACE00A9734D /* IVBrickerViewController.m in Sources */,
				6B4810AA130EEA420088C1EE /* ViewDesigner.m in Sources */,
			);
			runOnlyForDeploymentPostprocessing = 0;
		};
		6BBF2AF41926E40D00C7CD45 /* Sources */ = {
			isa = PBXSourcesBuildPhase;
			buildActionMask = 2147483647;
			files = (
				6BBF2B041926E40E00C7CD45 /* IVBricker_Tests.m in Sources */,
			);
			runOnlyForDeploymentPostprocessing = 0;
		};
/* End PBXSourcesBuildPhase section */

/* Begin PBXTargetDependency section */
		6BBF2B071926E40E00C7CD45 /* PBXTargetDependency */ = {
			isa = PBXTargetDependency;
			target = 1D6058900D05DD3D006BFB54 /* IVBricker */;
			targetProxy = 6BBF2B061926E40E00C7CD45 /* PBXContainerItemProxy */;
		};
/* End PBXTargetDependency section */

/* Begin PBXVariantGroup section */
		6BBF2B001926E40D00C7CD45 /* InfoPlist.strings */ = {
			isa = PBXVariantGroup;
			children = (
				6BBF2B011926E40D00C7CD45 /* en */,
			);
			name = InfoPlist.strings;
			sourceTree = "<group>";
		};
/* End PBXVariantGroup section */

/* Begin XCBuildConfiguration section */
		1D6058940D05DD3E006BFB54 /* Debug */ = {
			isa = XCBuildConfiguration;
			buildSettings = {
				ALWAYS_SEARCH_USER_PATHS = NO;
				COPY_PHASE_STRIP = NO;
				GCC_DYNAMIC_NO_PIC = NO;
				GCC_OPTIMIZATION_LEVEL = 0;
				GCC_PRECOMPILE_PREFIX_HEADER = YES;
				GCC_PREFIX_HEADER = IVBricker_Prefix.pch;
				INFOPLIST_FILE = "IVBricker-Info.plist";
				PRODUCT_NAME = IVBricker;
			};
			name = Debug;
		};
		1D6058950D05DD3E006BFB54 /* Release */ = {
			isa = XCBuildConfiguration;
			buildSettings = {
				ALWAYS_SEARCH_USER_PATHS = NO;
				COPY_PHASE_STRIP = YES;
				GCC_PRECOMPILE_PREFIX_HEADER = YES;
				GCC_PREFIX_HEADER = IVBricker_Prefix.pch;
				INFOPLIST_FILE = "IVBricker-Info.plist";
				PRODUCT_NAME = IVBricker;
				VALIDATE_PRODUCT = YES;
			};
			name = Release;
		};
		6B8408D012F5E728001FA58F /* Distribution */ = {
			isa = XCBuildConfiguration;
			buildSettings = {
				ARCHS = "$(ARCHS_STANDARD_32_BIT)";
				"CODE_SIGN_IDENTITY[sdk=iphoneos*]" = "iPhone Developer";
				GCC_C_LANGUAGE_STANDARD = c99;
				GCC_WARN_ABOUT_RETURN_TYPE = YES;
				GCC_WARN_UNUSED_VARIABLE = YES;
				OTHER_CFLAGS = "-DNS_BLOCK_ASSERTIONS=1";
				PREBINDING = NO;
				SDKROOT = iphonesimulator4.1;
			};
			name = Distribution;
		};
		6B8408D112F5E728001FA58F /* Distribution */ = {
			isa = XCBuildConfiguration;
			buildSettings = {
				ALWAYS_SEARCH_USER_PATHS = NO;
				"CODE_SIGN_IDENTITY[sdk=iphoneos*]" = "iPhone Developer: Michelangelo Giarratana (H8JZ843K3Q)";
				COPY_PHASE_STRIP = YES;
				GCC_PRECOMPILE_PREFIX_HEADER = YES;
				GCC_PREFIX_HEADER = IVBricker_Prefix.pch;
				INFOPLIST_FILE = "IVBricker-Info.plist";
				PRODUCT_NAME = IVBricker;
				SDKROOT = iphonesimulator4.1;
				VALIDATE_PRODUCT = YES;
			};
			name = Distribution;
		};
		6BBF2B081926E40E00C7CD45 /* Debug */ = {
			isa = XCBuildConfiguration;
			buildSettings = {
				ALWAYS_SEARCH_USER_PATHS = NO;
				BUNDLE_LOADER = "$(BUILT_PRODUCTS_DIR)/IVBricker.app/IVBricker";
				CLANG_CXX_LANGUAGE_STANDARD = "gnu++0x";
				CLANG_CXX_LIBRARY = "libc++";
				CLANG_ENABLE_MODULES = YES;
				CLANG_ENABLE_OBJC_ARC = YES;
				CLANG_WARN_BOOL_CONVERSION = YES;
				CLANG_WARN_CONSTANT_CONVERSION = YES;
				CLANG_WARN_DIRECT_OBJC_ISA_USAGE = YES_ERROR;
				CLANG_WARN_EMPTY_BODY = YES;
				CLANG_WARN_ENUM_CONVERSION = YES;
				CLANG_WARN_INT_CONVERSION = YES;
				CLANG_WARN_OBJC_ROOT_CLASS = YES_ERROR;
				CLANG_WARN__DUPLICATE_METHOD_MATCH = YES;
				COPY_PHASE_STRIP = NO;
				FRAMEWORK_SEARCH_PATHS = (
					"$(SDKROOT)/Developer/Library/Frameworks",
					"$(inherited)",
					"$(DEVELOPER_FRAMEWORKS_DIR)",
				);
				GCC_C_LANGUAGE_STANDARD = gnu99;
				GCC_DYNAMIC_NO_PIC = NO;
				GCC_OPTIMIZATION_LEVEL = 0;
				GCC_PRECOMPILE_PREFIX_HEADER = YES;
				GCC_PREFIX_HEADER = "IVBricker Tests/IVBricker Tests-Prefix.pch";
				GCC_PREPROCESSOR_DEFINITIONS = (
					"DEBUG=1",
					"$(inherited)",
				);
				GCC_SYMBOLS_PRIVATE_EXTERN = NO;
				GCC_WARN_64_TO_32_BIT_CONVERSION = YES;
				GCC_WARN_ABOUT_RETURN_TYPE = YES_ERROR;
				GCC_WARN_UNDECLARED_SELECTOR = YES;
				GCC_WARN_UNINITIALIZED_AUTOS = YES_AGGRESSIVE;
				GCC_WARN_UNUSED_FUNCTION = YES;
				INFOPLIST_FILE = "IVBricker Tests/IVBricker Tests-Info.plist";
				IPHONEOS_DEPLOYMENT_TARGET = 7.1;
				ONLY_ACTIVE_ARCH = YES;
				PRODUCT_NAME = "$(TARGET_NAME)";
				TEST_HOST = "$(BUNDLE_LOADER)";
				WRAPPER_EXTENSION = xctest;
			};
			name = Debug;
		};
		6BBF2B091926E40E00C7CD45 /* Release */ = {
			isa = XCBuildConfiguration;
			buildSettings = {
				ALWAYS_SEARCH_USER_PATHS = NO;
				BUNDLE_LOADER = "$(BUILT_PRODUCTS_DIR)/IVBricker.app/IVBricker";
				CLANG_CXX_LANGUAGE_STANDARD = "gnu++0x";
				CLANG_CXX_LIBRARY = "libc++";
				CLANG_ENABLE_MODULES = YES;
				CLANG_ENABLE_OBJC_ARC = YES;
				CLANG_WARN_BOOL_CONVERSION = YES;
				CLANG_WARN_CONSTANT_CONVERSION = YES;
				CLANG_WARN_DIRECT_OBJC_ISA_USAGE = YES_ERROR;
				CLANG_WARN_EMPTY_BODY = YES;
				CLANG_WARN_ENUM_CONVERSION = YES;
				CLANG_WARN_INT_CONVERSION = YES;
				CLANG_WARN_OBJC_ROOT_CLASS = YES_ERROR;
				CLANG_WARN__DUPLICATE_METHOD_MATCH = YES;
				COPY_PHASE_STRIP = YES;
				ENABLE_NS_ASSERTIONS = NO;
				FRAMEWORK_SEARCH_PATHS = (
					"$(SDKROOT)/Developer/Library/Frameworks",
					"$(inherited)",
					"$(DEVELOPER_FRAMEWORKS_DIR)",
				);
				GCC_C_LANGUAGE_STANDARD = gnu99;
				GCC_PRECOMPILE_PREFIX_HEADER = YES;
				GCC_PREFIX_HEADER = "IVBricker Tests/IVBricker Tests-Prefix.pch";
				GCC_WARN_64_TO_32_BIT_CONVERSION = YES;
				GCC_WARN_ABOUT_RETURN_TYPE = YES_ERROR;
				GCC_WARN_UNDECLARED_SELECTOR = YES;
				GCC_WARN_UNINITIALIZED_AUTOS = YES_AGGRESSIVE;
				GCC_WARN_UNUSED_FUNCTION = YES;
				INFOPLIST_FILE = "IVBricker Tests/IVBricker Tests-Info.plist";
				IPHONEOS_DEPLOYMENT_TARGET = 7.1;
				PRODUCT_NAME = "$(TARGET_NAME)";
				SDKROOT = iphoneos;
				TEST_HOST = "$(BUNDLE_LOADER)";
				VALIDATE_PRODUCT = YES;
				WRAPPER_EXTENSION = xctest;
			};
			name = Release;
		};
		6BBF2B0A1926E40E00C7CD45 /* Distribution */ = {
			isa = XCBuildConfiguration;
			buildSettings = {
				ALWAYS_SEARCH_USER_PATHS = NO;
				BUNDLE_LOADER = "$(BUILT_PRODUCTS_DIR)/IVBricker.app/IVBricker";
				CLANG_CXX_LANGUAGE_STANDARD = "gnu++0x";
				CLANG_CXX_LIBRARY = "libc++";
				CLANG_ENABLE_MODULES = YES;
				CLANG_ENABLE_OBJC_ARC = YES;
				CLANG_WARN_BOOL_CONVERSION = YES;
				CLANG_WARN_CONSTANT_CONVERSION = YES;
				CLANG_WARN_DIRECT_OBJC_ISA_USAGE = YES_ERROR;
				CLANG_WARN_EMPTY_BODY = YES;
				CLANG_WARN_ENUM_CONVERSION = YES;
				CLANG_WARN_INT_CONVERSION = YES;
				CLANG_WARN_OBJC_ROOT_CLASS = YES_ERROR;
				CLANG_WARN__DUPLICATE_METHOD_MATCH = YES;
				COPY_PHASE_STRIP = YES;
				ENABLE_NS_ASSERTIONS = NO;
				FRAMEWORK_SEARCH_PATHS = (
					"$(SDKROOT)/Developer/Library/Frameworks",
					"$(inherited)",
					"$(DEVELOPER_FRAMEWORKS_DIR)",
				);
				GCC_C_LANGUAGE_STANDARD = gnu99;
				GCC_PRECOMPILE_PREFIX_HEADER = YES;
				GCC_PREFIX_HEADER = "IVBricker Tests/IVBricker Tests-Prefix.pch";
				GCC_WARN_64_TO_32_BIT_CONVERSION = YES;
				GCC_WARN_ABOUT_RETURN_TYPE = YES_ERROR;
				GCC_WARN_UNDECLARED_SELECTOR = YES;
				GCC_WARN_UNINITIALIZED_AUTOS = YES_AGGRESSIVE;
				GCC_WARN_UNUSED_FUNCTION = YES;
				INFOPLIST_FILE = "IVBricker Tests/IVBricker Tests-Info.plist";
				IPHONEOS_DEPLOYMENT_TARGET = 7.1;
				PRODUCT_NAME = "$(TARGET_NAME)";
				SDKROOT = iphoneos;
				TEST_HOST = "$(BUNDLE_LOADER)";
				VALIDATE_PRODUCT = YES;
				WRAPPER_EXTENSION = xctest;
			};
			name = Distribution;
		};
		C01FCF4F08A954540054247B /* Debug */ = {
			isa = XCBuildConfiguration;
			buildSettings = {
				ARCHS = "$(ARCHS_STANDARD_32_BIT)";
				"CODE_SIGN_IDENTITY[sdk=iphoneos*]" = "iPhone Developer";
				GCC_C_LANGUAGE_STANDARD = c99;
				GCC_WARN_ABOUT_RETURN_TYPE = YES;
				GCC_WARN_UNUSED_VARIABLE = YES;
				PREBINDING = NO;
				SDKROOT = iphoneos;
			};
			name = Debug;
		};
		C01FCF5008A954540054247B /* Release */ = {
			isa = XCBuildConfiguration;
			buildSettings = {
				ARCHS = "$(ARCHS_STANDARD_32_BIT)";
				"CODE_SIGN_IDENTITY[sdk=iphoneos*]" = "iPhone Developer";
				GCC_C_LANGUAGE_STANDARD = c99;
				GCC_WARN_ABOUT_RETURN_TYPE = YES;
				GCC_WARN_UNUSED_VARIABLE = YES;
				OTHER_CFLAGS = "-DNS_BLOCK_ASSERTIONS=1";
				PREBINDING = NO;
				SDKROOT = iphoneos4.1;
			};
			name = Release;
		};
/* End XCBuildConfiguration section */

/* Begin XCConfigurationList section */
		1D6058960D05DD3E006BFB54 /* Build configuration list for PBXNativeTarget "IVBricker" */ = {
			isa = XCConfigurationList;
			buildConfigurations = (
				1D6058940D05DD3E006BFB54 /* Debug */,
				1D6058950D05DD3E006BFB54 /* Release */,
				6B8408D112F5E728001FA58F /* Distribution */,
			);
			defaultConfigurationIsVisible = 0;
			defaultConfigurationName = Release;
		};
		6BBF2B0B1926E40E00C7CD45 /* Build configuration list for PBXNativeTarget "IVBricker Tests" */ = {
			isa = XCConfigurationList;
			buildConfigurations = (
				6BBF2B081926E40E00C7CD45 /* Debug */,
				6BBF2B091926E40E00C7CD45 /* Release */,
				6BBF2B0A1926E40E00C7CD45 /* Distribution */,
			);
			defaultConfigurationIsVisible = 0;
		};
		C01FCF4E08A954540054247B /* Build configuration list for PBXProject "IVBricker" */ = {
			isa = XCConfigurationList;
			buildConfigurations = (
				C01FCF4F08A954540054247B /* Debug */,
				C01FCF5008A954540054247B /* Release */,
				6B8408D012F5E728001FA58F /* Distribution */,
			);
			defaultConfigurationIsVisible = 0;
			defaultConfigurationName = Release;
		};
/* End XCConfigurationList section */
	};
	rootObject = 29B97313FDCFA39411CA2CEA /* Project object */;
}
